
Microsoft Visual Studio Solution File, Format Version 12.00
# Visual Studio Version 17
VisualStudioVersion = 17.5.002.0
MinimumVisualStudioVersion = 10.0.40219.1
Project("{9A19103F-16F7-4668-BE54-9A1E7A4F7556}") = "module_unit_tests", "module_unit_tests.csproj", "{164BB275-1E1A-4E72-997F-1A6FD81691BE}"
EndProject
Global
	GlobalSection(SolutionConfigurationPlatforms) = preSolution
		Debug|Any CPU = Debug|Any CPU
		Release|Any CPU = Release|Any CPU
	EndGlobalSection
	GlobalSection(ProjectConfigurationPlatforms) = postSolution
		{164BB275-1E1A-4E72-997F-1A6FD81691BE}.Debug|Any CPU.ActiveCfg = Debug|Any CPU
		{164BB275-1E1A-4E72-997F-1A6FD81691BE}.Debug|Any CPU.Build.0 = Debug|Any CPU
		{164BB275-1E1A-4E72-997F-1A6FD81691BE}.Release|Any CPU.ActiveCfg = Release|Any CPU
		{164BB275-1E1A-4E72-997F-1A6FD81691BE}.Release|Any CPU.Build.0 = Release|Any CPU
	EndGlobalSection
	GlobalSection(SolutionProperties) = preSolution
		HideSolutionNode = FALSE
	EndGlobalSection
	GlobalSection(ExtensibilityGlobals) = postSolution
		SolutionGuid = {787F25B3-F5CF-47DA-815B-69FD4B7DE190}
	EndGlobalSection
EndGlobal
